
Microsoft Visual Studio Solution File, Format Version 12.00
# Visual Studio Version 17
VisualStudioVersion = 17.10.35027.167
MinimumVisualStudioVersion = 10.0.40219.1
Project("{FAE04EC0-301F-11D3-BF4B-00C04F79EFBC}") = "WhileDoWhile", "WhileDoWhile\WhileDoWhile.csproj", "{9F26E65E-10B3-4539-A777-9286E4A9DC46}"
EndProject
Global
	GlobalSection(SolutionConfigurationPlatforms) = preSolution
		Debug|Any CPU = Debug|Any CPU
		Release|Any CPU = Release|Any CPU
	EndGlobalSection
	GlobalSection(ProjectConfigurationPlatforms) = postSolution
		{9F26E65E-10B3-4539-A777-9286E4A9DC46}.Debug|Any CPU.ActiveCfg = Debug|Any CPU
		{9F26E65E-10B3-4539-A777-9286E4A9DC46}.Debug|Any CPU.Build.0 = Debug|Any CPU
		{9F26E65E-10B3-4539-A777-9286E4A9DC46}.Release|Any CPU.ActiveCfg = Release|Any CPU
		{9F26E65E-10B3-4539-A777-9286E4A9DC46}.Release|Any CPU.Build.0 = Release|Any CPU
	EndGlobalSection
	GlobalSection(SolutionProperties) = preSolution
		HideSolutionNode = FALSE
	EndGlobalSection
	GlobalSection(ExtensibilityGlobals) = postSolution
		SolutionGuid = {0F11053F-8AF0-4266-9D01-2A2C80B29CB7}
	EndGlobalSection
EndGlobal
